// !$*UTF8*$!
{
	archiveVersion = 1;
	classes = {
	};
	objectVersion = 46;
	objects = {

/* Begin PBXBuildFile section */
		DBC09001207B0B87008F0AC2 /* AppDelegate.swift in Sources */ = {isa = PBXBuildFile; fileRef = DBC09000207B0B87008F0AC2 /* AppDelegate.swift */; };
		DBC09003207B0B87008F0AC2 /* ViewController.swift in Sources */ = {isa = PBXBuildFile; fileRef = DBC09002207B0B87008F0AC2 /* ViewController.swift */; };
		DBC09006207B0B87008F0AC2 /* Main.storyboard in Resources */ = {isa = PBXBuildFile; fileRef = DBC09004207B0B87008F0AC2 /* Main.storyboard */; };
		DBC09008207B0B87008F0AC2 /* Assets.xcassets in Resources */ = {isa = PBXBuildFile; fileRef = DBC09007207B0B87008F0AC2 /* Assets.xcassets */; };
		DBC0900B207B0B87008F0AC2 /* LaunchScreen.storyboard in Resources */ = {isa = PBXBuildFile; fileRef = DBC09009207B0B87008F0AC2 /* LaunchScreen.storyboard */; };
/* End PBXBuildFile section */

/* Begin PBXFileReference section */
		DBC08FFD207B0B87008F0AC2 /* controlV.app */ = {isa = PBXFileReference; explicitFileType = wrapper.application; includeInIndex = 0; path = controlV.app; sourceTree = BUILT_PRODUCTS_DIR; };
		DBC09000207B0B87008F0AC2 /* AppDelegate.swift */ = {isa = PBXFileReference; lastKnownFileType = sourcecode.swift; path = AppDelegate.swift; sourceTree = "<group>"; };
		DBC09002207B0B87008F0AC2 /* ViewController.swift */ = {isa = PBXFileReference; lastKnownFileType = sourcecode.swift; path = ViewController.swift; sourceTree = "<group>"; };
		DBC09005207B0B87008F0AC2 /* Base */ = {isa = PBXFileReference; lastKnownFileType = file.storyboard; name = Base; path = Base.lproj/Main.storyboard; sourceTree = "<group>"; };
		DBC09007207B0B87008F0AC2 /* Assets.xcassets */ = {isa = PBXFileReference; lastKnownFileType = folder.assetcatalog; path = Assets.xcassets; sourceTree = "<group>"; };
		DBC0900A207B0B87008F0AC2 /* Base */ = {isa = PBXFileReference; lastKnownFileType = file.storyboard; name = Base; path = Base.lproj/LaunchScreen.storyboard; sourceTree = "<group>"; };
		DBC0900C207B0B87008F0AC2 /* Info.plist */ = {isa = PBXFileReference; lastKnownFileType = text.plist.xml; path = Info.plist; sourceTree = "<group>"; };
/* End PBXFileReference section */

/* Begin PBXFrameworksBuildPhase section */
		DBC08FFA207B0B87008F0AC2 /* Frameworks */ = {
			isa = PBXFrameworksBuildPhase;
			buildActionMask = 2147483647;
			files = (
			);
			runOnlyForDeploymentPostprocessing = 0;
		};
/* End PBXFrameworksBuildPhase section */

/* Begin PBXGroup section */
		DBC08FF4207B0B87008F0AC2 = {
			isa = PBXGroup;
			children = (
				DBC08FFF207B0B87008F0AC2 /* controlV */,
				DBC08FFE207B0B87008F0AC2 /* Products */,
			);
			sourceTree = "<group>";
		};
		DBC08FFE207B0B87008F0AC2 /* Products */ = {
			isa = PBXGroup;
			children = (
				DBC08FFD207B0B87008F0AC2 /* controlV.app */,
			);
			name = Products;
			sourceTree = "<group>";
		};
		DBC08FFF207B0B87008F0AC2 /* controlV */ = {
			isa = PBXGroup;
			children = (
				DBC09000207B0B87008F0AC2 /* AppDelegate.swift */,
				DBC09002207B0B87008F0AC2 /* ViewController.swift */,
				DBC09004207B0B87008F0AC2 /* Main.storyboard */,
				DBC09007207B0B87008F0AC2 /* Assets.xcassets */,
				DBC09009207B0B87008F0AC2 /* LaunchScreen.storyboard */,
				DBC0900C207B0B87008F0AC2 /* Info.plist */,
			);
			path = controlV;
			sourceTree = "<group>";
		};
/* End PBXGroup section */

/* Begin PBXNativeTarget section */
		DBC08FFC207B0B87008F0AC2 /* controlV */ = {
			isa = PBXNativeTarget;
			buildConfigurationList = DBC0900F207B0B87008F0AC2 /* Build configuration list for PBXNativeTarget "controlV" */;
			buildPhases = (
				DBC08FF9207B0B87008F0AC2 /* Sources */,
				DBC08FFA207B0B87008F0AC2 /* Frameworks */,
				DBC08FFB207B0B87008F0AC2 /* Resources */,
			);
			buildRules = (
			);
			dependencies = (
			);
			name = controlV;
			productName = controlV;
			productReference = DBC08FFD207B0B87008F0AC2 /* controlV.app */;
			productType = "com.apple.product-type.application";
		};
/* End PBXNativeTarget section */

/* Begin PBXProject section */
		DBC08FF5207B0B87008F0AC2 /* Project object */ = {
			isa = PBXProject;
			attributes = {
				LastSwiftUpdateCheck = 0830;
				LastUpgradeCheck = 0830;
				ORGANIZATIONNAME = NextU;
				TargetAttributes = {
					DBC08FFC207B0B87008F0AC2 = {
						CreatedOnToolsVersion = 8.3.3;
						ProvisioningStyle = Automatic;
					};
				};
			};
			buildConfigurationList = DBC08FF8207B0B87008F0AC2 /* Build configuration list for PBXProject "controlV" */;
			compatibilityVersion = "Xcode 3.2";
			developmentRegion = English;
			hasScannedForEncodings = 0;
			knownRegions = (
				en,
				Base,
			);
			mainGroup = DBC08FF4207B0B87008F0AC2;
			productRefGroup = DBC08FFE207B0B87008F0AC2 /* Products */;
			projectDirPath = "";
			projectRoot = "";
			targets = (
				DBC08FFC207B0B87008F0AC2 /* controlV */,
			);
		};
/* End PBXProject section */

/* Begin PBXResourcesBuildPhase section */
		DBC08FFB207B0B87008F0AC2 /* Resources */ = {
			isa = PBXResourcesBuildPhase;
			buildActionMask = 2147483647;
			files = (
				DBC0900B207B0B87008F0AC2 /* LaunchScreen.storyboard in Resources */,
				DBC09008207B0B87008F0AC2 /* Assets.xcassets in Resources */,
				DBC09006207B0B87008F0AC2 /* Main.storyboard in Resources */,
			);
			runOnlyForDeploymentPostprocessing = 0;
		};
/* End PBXResourcesBuildPhase section */

/* Begin PBXSourcesBuildPhase section */
		DBC08FF9207B0B87008F0AC2 /* Sources */ = {
			isa = PBXSourcesBuildPhase;
			buildActionMask = 2147483647;
			files = (
				DBC09003207B0B87008F0AC2 /* ViewController.swift in Sources */,
				DBC09001207B0B87008F0AC2 /* AppDelegate.swift in Sources */,
			);
			runOnlyForDeploymentPostprocessing = 0;
		};
/* End PBXSourcesBuildPhase section */

/* Begin PBXVariantGroup section */
		DBC09004207B0B87008F0AC2 /* Main.storyboard */ = {
			isa = PBXVariantGroup;
			children = (
				DBC09005207B0B87008F0AC2 /* Base */,
			);
			name = Main.storyboard;
			sourceTree = "<group>";
		};
		DBC09009207B0B87008F0AC2 /* LaunchScreen.storyboard */ = {
			isa = PBXVariantGroup;
			children = (
				DBC0900A207B0B87008F0AC2 /* Base */,
			);
			name = LaunchScreen.storyboard;
			sourceTree = "<group>";
		};
/* End PBXVariantGroup section */

/* Begin XCBuildConfiguration section */
		DBC0900D207B0B87008F0AC2 /* Debug */ = {
			isa = XCBuildConfiguration;
			buildSettings = {
				ALWAYS_SEARCH_USER_PATHS = NO;
				CLANG_ANALYZER_NONNULL = YES;
				CLANG_ANALYZER_NUMBER_OBJECT_CONVERSION = YES_AGGRESSIVE;
				CLANG_CXX_LANGUAGE_STANDARD = "gnu++0x";
				CLANG_CXX_LIBRARY = "libc++";
				CLANG_ENABLE_MODULES = YES;
				CLANG_ENABLE_OBJC_ARC = YES;
				CLANG_WARN_BOOL_CONVERSION = YES;
				CLANG_WARN_CONSTANT_CONVERSION = YES;
				CLANG_WARN_DIRECT_OBJC_ISA_USAGE = YES_ERROR;
				CLANG_WARN_DOCUMENTATION_COMMENTS = YES;
				CLANG_WARN_EMPTY_BODY = YES;
				CLANG_WARN_ENUM_CONVERSION = YES;
				CLANG_WARN_INFINITE_RECURSION = YES;
				CLANG_WARN_INT_CONVERSION = YES;
				CLANG_WARN_OBJC_ROOT_CLASS = YES_ERROR;
				CLANG_WARN_SUSPICIOUS_MOVE = YES;
				CLANG_WARN_UNREACHABLE_CODE = YES;
				CLANG_WARN__DUPLICATE_METHOD_MATCH = YES;
				"CODE_SIGN_IDENTITY[sdk=iphoneos*]" = "iPhone Developer";
				COPY_PHASE_STRIP = NO;
				DEBUG_INFORMATION_FORMAT = dwarf;
				ENABLE_STRICT_OBJC_MSGSEND = YES;
				ENABLE_TESTABILITY = YES;
				GCC_C_LANGUAGE_STANDARD = gnu99;
				GCC_DYNAMIC_NO_PIC = NO;
				GCC_NO_COMMON_BLOCKS = YES;
				GCC_OPTIMIZATION_LEVEL = 0;
				GCC_PREPROCESSOR_DEFINITIONS = (
					"DEBUG=1",
					"$(inherited)",
				);
				GCC_WARN_64_TO_32_BIT_CONVERSION = YES;
				GCC_WARN_ABOUT_RETURN_TYPE = YES_ERROR;
				GCC_WARN_UNDECLARED_SELECTOR = YES;
				GCC_WARN_UNINITIALIZED_AUTOS = YES_AGGRESSIVE;
				GCC_WARN_UNUSED_FUNCTION = YES;
				GCC_WARN_UNUSED_VARIABLE = YES;
				IPHONEOS_DEPLOYMENT_TARGET = 10.3;
				MTL_ENABLE_DEBUG_INFO = YES;
				ONLY_ACTIVE_ARCH = YES;
				SDKROOT = iphoneos;
				SWIFT_ACTIVE_COMPILATION_CONDITIONS = DEBUG;
				SWIFT_OPTIMIZATION_LEVEL = "-Onone";
			};
			name = Debug;
		};
		DBC0900E207B0B87008F0AC2 /* Release */ = {
			isa = XCBuildConfiguration;
			buildSettings = {
				ALWAYS_SEARCH_USER_PATHS = NO;
				CLANG_ANALYZER_NONNULL = YES;
				CLANG_ANALYZER_NUMBER_OBJECT_CONVERSION = YES_AGGRESSIVE;
				CLANG_CXX_LANGUAGE_STANDARD = "gnu++0x";
				CLANG_CXX_LIBRARY = "libc++";
				CLANG_ENABLE_MODULES = YES;
				CLANG_ENABLE_OBJC_ARC = YES;
				CLANG_WARN_BOOL_CONVERSION = YES;
				CLANG_WARN_CONSTANT_CONVERSION = YES;
				CLANG_WARN_DIRECT_OBJC_ISA_USAGE = YES_ERROR;
				CLANG_WARN_DOCUMENTATION_COMMENTS = YES;
				CLANG_WARN_EMPTY_BODY = YES;
				CLANG_WARN_ENUM_CONVERSION = YES;
				CLANG_WARN_INFINITE_RECURSION = YES;
				CLANG_WARN_INT_CONVERSION = YES;
				CLANG_WARN_OBJC_ROOT_CLASS = YES_ERROR;
				CLANG_WARN_SUSPICIOUS_MOVE = YES;
				CLANG_WARN_UNREACHABLE_CODE = YES;
				CLANG_WARN__DUPLICATE_METHOD_MATCH = YES;
				"CODE_SIGN_IDENTITY[sdk=iphoneos*]" = "iPhone Developer";
				COPY_PHASE_STRIP = NO;
				DEBUG_INFORMATION_FORMAT = "dwarf-with-dsym";
				ENABLE_NS_ASSERTIONS = NO;
				ENABLE_STRICT_OBJC_MSGSEND = YES;
				GCC_C_LANGUAGE_STANDARD = gnu99;
				GCC_NO_COMMON_BLOCKS = YES;
				GCC_WARN_64_TO_32_BIT_CONVERSION = YES;
				GCC_WARN_ABOUT_RETURN_TYPE = YES_ERROR;
				GCC_WARN_UNDECLARED_SELECTOR = YES;
				GCC_WARN_UNINITIALIZED_AUTOS = YES_AGGRESSIVE;
				GCC_WARN_UNUSED_FUNCTION = YES;
				GCC_WARN_UNUSED_VARIABLE = YES;
				IPHONEOS_DEPLOYMENT_TARGET = 10.3;
				MTL_ENABLE_DEBUG_INFO = NO;
				SDKROOT = iphoneos;
				SWIFT_OPTIMIZATION_LEVEL = "-Owholemodule";
				VALIDATE_PRODUCT = YES;
			};
			name = Release;
		};
		DBC09010207B0B87008F0AC2 /* Debug */ = {
			isa = XCBuildConfiguration;
			buildSettings = {
				ASSETCATALOG_COMPILER_APPICON_NAME = AppIcon;
				INFOPLIST_FILE = controlV/Info.plist;
				LD_RUNPATH_SEARCH_PATHS = "$(inherited) @executable_path/Frameworks";
				PRODUCT_BUNDLE_IDENTIFIER = com.CCG.controlV;
				PRODUCT_NAME = "$(TARGET_NAME)";
				SWIFT_VERSION = 3.0;
			};
			name = Debug;
		};
		DBC09011207B0B87008F0AC2 /* Release */ = {
			isa = XCBuildConfiguration;
			buildSettings = {
				ASSETCATALOG_COMPILER_APPICON_NAME = AppIcon;
				INFOPLIST_FILE = controlV/Info.plist;
				LD_RUNPATH_SEARCH_PATHS = "$(inherited) @executable_path/Frameworks";
				PRODUCT_BUNDLE_IDENTIFIER = com.CCG.controlV;
				PRODUCT_NAME = "$(TARGET_NAME)";
				SWIFT_VERSION = 3.0;
			};
			name = Release;
		};
/* End XCBuildConfiguration section */

/* Begin XCConfigurationList section */
		DBC08FF8207B0B87008F0AC2 /* Build configuration list for PBXProject "controlV" */ = {
			isa = XCConfigurationList;
			buildConfigurations = (
				DBC0900D207B0B87008F0AC2 /* Debug */,
				DBC0900E207B0B87008F0AC2 /* Release */,
			);
			defaultConfigurationIsVisible = 0;
			defaultConfigurationName = Release;
		};
		DBC0900F207B0B87008F0AC2 /* Build configuration list for PBXNativeTarget "controlV" */ = {
			isa = XCConfigurationList;
			buildConfigurations = (
				DBC09010207B0B87008F0AC2 /* Debug */,
				DBC09011207B0B87008F0AC2 /* Release */,
			);
			defaultConfigurationIsVisible = 0;
		};
/* End XCConfigurationList section */
	};
	rootObject = DBC08FF5207B0B87008F0AC2 /* Project object */;
}
